
Microsoft Visual Studio Solution File, Format Version 12.00
# Visual Studio Version 17
VisualStudioVersion = 17.1.32228.430
MinimumVisualStudioVersion = 10.0.40219.1
Project("{FAE04EC0-301F-11D3-BF4B-00C04F79EFBC}") = "AppMobile.UWP", "AppMobile\AppMobile.UWP\AppMobile.UWP.csproj", "{C42E28CD-471E-4147-9A56-BF6BF5A5E863}"
EndProject
Project("{FAE04EC0-301F-11D3-BF4B-00C04F79EFBC}") = "AppMobile.Android", "AppMobile\AppMobile.Android\AppMobile.Android.csproj", "{A7874ABD-CD88-4DE0-9528-65FAB1050ACD}"
EndProject
Project("{FAE04EC0-301F-11D3-BF4B-00C04F79EFBC}") = "AppMobile.iOS", "AppMobile\AppMobile.iOS\AppMobile.iOS.csproj", "{76B40567-CE35-48E5-9579-4C803EBFB265}"
EndProject
Project("{FAE04EC0-301F-11D3-BF4B-00C04F79EFBC}") = "AppMobile", "AppMobile\AppMobile\AppMobile.csproj", "{BDA206AA-5721-451A-BABA-7E65875A2BFA}"
EndProject
Global
	GlobalSection(SolutionConfigurationPlatforms) = preSolution
		Debug|Any CPU = Debug|Any CPU
		Debug|ARM = Debug|ARM
		Debug|iPhone = Debug|iPhone
		Debug|iPhoneSimulator = Debug|iPhoneSimulator
		Debug|x64 = Debug|x64
		Debug|x86 = Debug|x86
		Release|Any CPU = Release|Any CPU
		Release|ARM = Release|ARM
		Release|iPhone = Release|iPhone
		Release|iPhoneSimulator = Release|iPhoneSimulator
		Release|x64 = Release|x64
		Release|x86 = Release|x86
	EndGlobalSection
	GlobalSection(ProjectConfigurationPlatforms) = postSolution
		{C42E28CD-471E-4147-9A56-BF6BF5A5E863}.Debug|Any CPU.ActiveCfg = Debug|x64
		{C42E28CD-471E-4147-9A56-BF6BF5A5E863}.Debug|Any CPU.Build.0 = Debug|x64
		{C42E28CD-471E-4147-9A56-BF6BF5A5E863}.Debug|Any CPU.Deploy.0 = Debug|x64
		{C42E28CD-471E-4147-9A56-BF6BF5A5E863}.Debug|ARM.ActiveCfg = Debug|ARM
		{C42E28CD-471E-4147-9A56-BF6BF5A5E863}.Debug|ARM.Build.0 = Debug|ARM
		{C42E28CD-471E-4147-9A56-BF6BF5A5E863}.Debug|ARM.Deploy.0 = Debug|ARM
		{C42E28CD-471E-4147-9A56-BF6BF5A5E863}.Debug|iPhone.ActiveCfg = Debug|x64
		{C42E28CD-471E-4147-9A56-BF6BF5A5E863}.Debug|iPhone.Build.0 = Debug|x64
		{C42E28CD-471E-4147-9A56-BF6BF5A5E863}.Debug|iPhone.Deploy.0 = Debug|x64
		{C42E28CD-471E-4147-9A56-BF6BF5A5E863}.Debug|iPhoneSimulator.ActiveCfg = Debug|x64
		{C42E28CD-471E-4147-9A56-BF6BF5A5E863}.Debug|iPhoneSimulator.Build.0 = Debug|x64
		{C42E28CD-471E-4147-9A56-BF6BF5A5E863}.Debug|iPhoneSimulator.Deploy.0 = Debug|x64
		{C42E28CD-471E-4147-9A56-BF6BF5A5E863}.Debug|x64.ActiveCfg = Debug|x64
		{C42E28CD-471E-4147-9A56-BF6BF5A5E863}.Debug|x64.Build.0 = Debug|x64
		{C42E28CD-471E-4147-9A56-BF6BF5A5E863}.Debug|x64.Deploy.0 = Debug|x64
		{C42E28CD-471E-4147-9A56-BF6BF5A5E863}.Debug|x86.ActiveCfg = Debug|x86
		{C42E28CD-471E-4147-9A56-BF6BF5A5E863}.Debug|x86.Build.0 = Debug|x86
		{C42E28CD-471E-4147-9A56-BF6BF5A5E863}.Debug|x86.Deploy.0 = Debug|x86
		{C42E28CD-471E-4147-9A56-BF6BF5A5E863}.Release|Any CPU.ActiveCfg = Release|x64
		{C42E28CD-471E-4147-9A56-BF6BF5A5E863}.Release|Any CPU.Build.0 = Release|x64
		{C42E28CD-471E-4147-9A56-BF6BF5A5E863}.Release|Any CPU.Deploy.0 = Release|x64
		{C42E28CD-471E-4147-9A56-BF6BF5A5E863}.Release|ARM.ActiveCfg = Release|ARM
		{C42E28CD-471E-4147-9A56-BF6BF5A5E863}.Release|ARM.Build.0 = Release|ARM
		{C42E28CD-471E-4147-9A56-BF6BF5A5E863}.Release|ARM.Deploy.0 = Release|ARM
		{C42E28CD-471E-4147-9A56-BF6BF5A5E863}.Release|iPhone.ActiveCfg = Release|x64
		{C42E28CD-471E-4147-9A56-BF6BF5A5E863}.Release|iPhone.Build.0 = Release|x64
		{C42E28CD-471E-4147-9A56-BF6BF5A5E863}.Release|iPhone.Deploy.0 = Release|x64
		{C42E28CD-471E-4147-9A56-BF6BF5A5E863}.Release|iPhoneSimulator.ActiveCfg = Release|x64
		{C42E28CD-471E-4147-9A56-BF6BF5A5E863}.Release|iPhoneSimulator.Build.0 = Release|x64
		{C42E28CD-471E-4147-9A56-BF6BF5A5E863}.Release|iPhoneSimulator.Deploy.0 = Release|x64
		{C42E28CD-471E-4147-9A56-BF6BF5A5E863}.Release|x64.ActiveCfg = Release|x64
		{C42E28CD-471E-4147-9A56-BF6BF5A5E863}.Release|x64.Build.0 = Release|x64
		{C42E28CD-471E-4147-9A56-BF6BF5A5E863}.Release|x64.Deploy.0 = Release|x64
		{C42E28CD-471E-4147-9A56-BF6BF5A5E863}.Release|x86.ActiveCfg = Release|x86
		{C42E28CD-471E-4147-9A56-BF6BF5A5E863}.Release|x86.Build.0 = Release|x86
		{C42E28CD-471E-4147-9A56-BF6BF5A5E863}.Release|x86.Deploy.0 = Release|x86
		{A7874ABD-CD88-4DE0-9528-65FAB1050ACD}.Debug|Any CPU.ActiveCfg = Debug|Any CPU
		{A7874ABD-CD88-4DE0-9528-65FAB1050ACD}.Debug|Any CPU.Build.0 = Debug|Any CPU
		{A7874ABD-CD88-4DE0-9528-65FAB1050ACD}.Debug|Any CPU.Deploy.0 = Debug|Any CPU
		{A7874ABD-CD88-4DE0-9528-65FAB1050ACD}.Debug|ARM.ActiveCfg = Debug|Any CPU
		{A7874ABD-CD88-4DE0-9528-65FAB1050ACD}.Debug|ARM.Build.0 = Debug|Any CPU
		{A7874ABD-CD88-4DE0-9528-65FAB1050ACD}.Debug|ARM.Deploy.0 = Debug|Any CPU
		{A7874ABD-CD88-4DE0-9528-65FAB1050ACD}.Debug|iPhone.ActiveCfg = Debug|Any CPU
		{A7874ABD-CD88-4DE0-9528-65FAB1050ACD}.Debug|iPhone.Build.0 = Debug|Any CPU
		{A7874ABD-CD88-4DE0-9528-65FAB1050ACD}.Debug|iPhone.Deploy.0 = Debug|Any CPU
		{A7874ABD-CD88-4DE0-9528-65FAB1050ACD}.Debug|iPhoneSimulator.ActiveCfg = Debug|Any CPU
		{A7874ABD-CD88-4DE0-9528-65FAB1050ACD}.Debug|iPhoneSimulator.Build.0 = Debug|Any CPU
		{A7874ABD-CD88-4DE0-9528-65FAB1050ACD}.Debug|iPhoneSimulator.Deploy.0 = Debug|Any CPU
		{A7874ABD-CD88-4DE0-9528-65FAB1050ACD}.Debug|x64.ActiveCfg = Debug|Any CPU
		{A7874ABD-CD88-4DE0-9528-65FAB1050ACD}.Debug|x64.Build.0 = Debug|Any CPU
		{A7874ABD-CD88-4DE0-9528-65FAB1050ACD}.Debug|x64.Deploy.0 = Debug|Any CPU
		{A7874ABD-CD88-4DE0-9528-65FAB1050ACD}.Debug|x86.ActiveCfg = Debug|Any CPU
		{A7874ABD-CD88-4DE0-9528-65FAB1050ACD}.Debug|x86.Build.0 = Debug|Any CPU
		{A7874ABD-CD88-4DE0-9528-65FAB1050ACD}.Debug|x86.Deploy.0 = Debug|Any CPU
		{A7874ABD-CD88-4DE0-9528-65FAB1050ACD}.Release|Any CPU.ActiveCfg = Release|Any CPU
		{A7874ABD-CD88-4DE0-9528-65FAB1050ACD}.Release|Any CPU.Build.0 = Release|Any CPU
		{A7874ABD-CD88-4DE0-9528-65FAB1050ACD}.Release|Any CPU.Deploy.0 = Release|Any CPU
		{A7874ABD-CD88-4DE0-9528-65FAB1050ACD}.Release|ARM.ActiveCfg = Release|Any CPU
		{A7874ABD-CD88-4DE0-9528-65FAB1050ACD}.Release|ARM.Build.0 = Release|Any CPU
		{A7874ABD-CD88-4DE0-9528-65FAB1050ACD}.Release|ARM.Deploy.0 = Release|Any CPU
		{A7874ABD-CD88-4DE0-9528-65FAB1050ACD}.Release|iPhone.ActiveCfg = Release|Any CPU
		{A7874ABD-CD88-4DE0-9528-65FAB1050ACD}.Release|iPhone.Build.0 = Release|Any CPU
		{A7874ABD-CD88-4DE0-9528-65FAB1050ACD}.Release|iPhone.Deploy.0 = Release|Any CPU
		{A7874ABD-CD88-4DE0-9528-65FAB1050ACD}.Release|iPhoneSimulator.ActiveCfg = Release|Any CPU
		{A7874ABD-CD88-4DE0-9528-65FAB1050ACD}.Release|iPhoneSimulator.Build.0 = Release|Any CPU
		{A7874ABD-CD88-4DE0-9528-65FAB1050ACD}.Release|iPhoneSimulator.Deploy.0 = Release|Any CPU
		{A7874ABD-CD88-4DE0-9528-65FAB1050ACD}.Release|x64.ActiveCfg = Release|Any CPU
		{A7874ABD-CD88-4DE0-9528-65FAB1050ACD}.Release|x64.Build.0 = Release|Any CPU
		{A7874ABD-CD88-4DE0-9528-65FAB1050ACD}.Release|x64.Deploy.0 = Release|Any CPU
		{A7874ABD-CD88-4DE0-9528-65FAB1050ACD}.Release|x86.ActiveCfg = Release|Any CPU
		{A7874ABD-CD88-4DE0-9528-65FAB1050ACD}.Release|x86.Build.0 = Release|Any CPU
		{A7874ABD-CD88-4DE0-9528-65FAB1050ACD}.Release|x86.Deploy.0 = Release|Any CPU
		{76B40567-CE35-48E5-9579-4C803EBFB265}.Debug|Any CPU.ActiveCfg = Debug|iPhoneSimulator
		{76B40567-CE35-48E5-9579-4C803EBFB265}.Debug|Any CPU.Build.0 = Debug|iPhoneSimulator
		{76B40567-CE35-48E5-9579-4C803EBFB265}.Debug|Any CPU.Deploy.0 = Debug|iPhoneSimulator
		{76B40567-CE35-48E5-9579-4C803EBFB265}.Debug|ARM.ActiveCfg = Debug|iPhoneSimulator
		{76B40567-CE35-48E5-9579-4C803EBFB265}.Debug|ARM.Build.0 = Debug|iPhoneSimulator
		{76B40567-CE35-48E5-9579-4C803EBFB265}.Debug|ARM.Deploy.0 = Debug|iPhoneSimulator
		{76B40567-CE35-48E5-9579-4C803EBFB265}.Debug|iPhone.ActiveCfg = Debug|iPhone
		{76B40567-CE35-48E5-9579-4C803EBFB265}.Debug|iPhone.Build.0 = Debug|iPhone
		{76B40567-CE35-48E5-9579-4C803EBFB265}.Debug|iPhone.Deploy.0 = Debug|iPhone
		{76B40567-CE35-48E5-9579-4C803EBFB265}.Debug|iPhoneSimulator.ActiveCfg = Debug|iPhoneSimulator
		{76B40567-CE35-48E5-9579-4C803EBFB265}.Debug|iPhoneSimulator.Build.0 = Debug|iPhoneSimulator
		{76B40567-CE35-48E5-9579-4C803EBFB265}.Debug|iPhoneSimulator.Deploy.0 = Debug|iPhoneSimulator
		{76B40567-CE35-48E5-9579-4C803EBFB265}.Debug|x64.ActiveCfg = Debug|iPhone
		{76B40567-CE35-48E5-9579-4C803EBFB265}.Debug|x64.Build.0 = Debug|iPhone
		{76B40567-CE35-48E5-9579-4C803EBFB265}.Debug|x64.Deploy.0 = Debug|iPhone
		{76B40567-CE35-48E5-9579-4C803EBFB265}.Debug|x86.ActiveCfg = Debug|iPhoneSimulator
		{76B40567-CE35-48E5-9579-4C803EBFB265}.Debug|x86.Build.0 = Debug|iPhoneSimulator
		{76B40567-CE35-48E5-9579-4C803EBFB265}.Debug|x86.Deploy.0 = Debug|iPhoneSimulator
		{76B40567-CE35-48E5-9579-4C803EBFB265}.Release|Any CPU.ActiveCfg = Release|iPhoneSimulator
		{76B40567-CE35-48E5-9579-4C803EBFB265}.Release|Any CPU.Build.0 = Release|iPhoneSimulator
		{76B40567-CE35-48E5-9579-4C803EBFB265}.Release|Any CPU.Deploy.0 = Release|iPhoneSimulator
		{76B40567-CE35-48E5-9579-4C803EBFB265}.Release|ARM.ActiveCfg = Release|iPhoneSimulator
		{76B40567-CE35-48E5-9579-4C803EBFB265}.Release|ARM.Build.0 = Release|iPhoneSimulator
		{76B40567-CE35-48E5-9579-4C803EBFB265}.Release|ARM.Deploy.0 = Release|iPhoneSimulator
		{76B40567-CE35-48E5-9579-4C803EBFB265}.Release|iPhone.ActiveCfg = Release|iPhone
		{76B40567-CE35-48E5-9579-4C803EBFB265}.Release|iPhone.Build.0 = Release|iPhone
		{76B40567-CE35-48E5-9579-4C803EBFB265}.Release|iPhone.Deploy.0 = Release|iPhone
		{76B40567-CE35-48E5-9579-4C803EBFB265}.Release|iPhoneSimulator.ActiveCfg = Release|iPhoneSimulator
		{76B40567-CE35-48E5-9579-4C803EBFB265}.Release|iPhoneSimulator.Build.0 = Release|iPhoneSimulator
		{76B40567-CE35-48E5-9579-4C803EBFB265}.Release|iPhoneSimulator.Deploy.0 = Release|iPhoneSimulator
		{76B40567-CE35-48E5-9579-4C803EBFB265}.Release|x64.ActiveCfg = Release|iPhoneSimulator
		{76B40567-CE35-48E5-9579-4C803EBFB265}.Release|x64.Build.0 = Release|iPhoneSimulator
		{76B40567-CE35-48E5-9579-4C803EBFB265}.Release|x64.Deploy.0 = Release|iPhoneSimulator
		{76B40567-CE35-48E5-9579-4C803EBFB265}.Release|x86.ActiveCfg = Release|iPhoneSimulator
		{76B40567-CE35-48E5-9579-4C803EBFB265}.Release|x86.Build.0 = Release|iPhoneSimulator
		{76B40567-CE35-48E5-9579-4C803EBFB265}.Release|x86.Deploy.0 = Release|iPhoneSimulator
		{BDA206AA-5721-451A-BABA-7E65875A2BFA}.Debug|Any CPU.ActiveCfg = Debug|Any CPU
		{BDA206AA-5721-451A-BABA-7E65875A2BFA}.Debug|Any CPU.Build.0 = Debug|Any CPU
		{BDA206AA-5721-451A-BABA-7E65875A2BFA}.Debug|Any CPU.Deploy.0 = Debug|Any CPU
		{BDA206AA-5721-451A-BABA-7E65875A2BFA}.Debug|ARM.ActiveCfg = Debug|Any CPU
		{BDA206AA-5721-451A-BABA-7E65875A2BFA}.Debug|ARM.Build.0 = Debug|Any CPU
		{BDA206AA-5721-451A-BABA-7E65875A2BFA}.Debug|ARM.Deploy.0 = Debug|Any CPU
		{BDA206AA-5721-451A-BABA-7E65875A2BFA}.Debug|iPhone.ActiveCfg = Debug|Any CPU
		{BDA206AA-5721-451A-BABA-7E65875A2BFA}.Debug|iPhone.Build.0 = Debug|Any CPU
		{BDA206AA-5721-451A-BABA-7E65875A2BFA}.Debug|iPhone.Deploy.0 = Debug|Any CPU
		{BDA206AA-5721-451A-BABA-7E65875A2BFA}.Debug|iPhoneSimulator.ActiveCfg = Debug|Any CPU
		{BDA206AA-5721-451A-BABA-7E65875A2BFA}.Debug|iPhoneSimulator.Build.0 = Debug|Any CPU
		{BDA206AA-5721-451A-BABA-7E65875A2BFA}.Debug|iPhoneSimulator.Deploy.0 = Debug|Any CPU
		{BDA206AA-5721-451A-BABA-7E65875A2BFA}.Debug|x64.ActiveCfg = Debug|Any CPU
		{BDA206AA-5721-451A-BABA-7E65875A2BFA}.Debug|x64.Build.0 = Debug|Any CPU
		{BDA206AA-5721-451A-BABA-7E65875A2BFA}.Debug|x64.Deploy.0 = Debug|Any CPU
		{BDA206AA-5721-451A-BABA-7E65875A2BFA}.Debug|x86.ActiveCfg = Debug|Any CPU
		{BDA206AA-5721-451A-BABA-7E65875A2BFA}.Debug|x86.Build.0 = Debug|Any CPU
		{BDA206AA-5721-451A-BABA-7E65875A2BFA}.Debug|x86.Deploy.0 = Debug|Any CPU
		{BDA206AA-5721-451A-BABA-7E65875A2BFA}.Release|Any CPU.ActiveCfg = Release|Any CPU
		{BDA206AA-5721-451A-BABA-7E65875A2BFA}.Release|Any CPU.Build.0 = Release|Any CPU
		{BDA206AA-5721-451A-BABA-7E65875A2BFA}.Release|Any CPU.Deploy.0 = Release|Any CPU
		{BDA206AA-5721-451A-BABA-7E65875A2BFA}.Release|ARM.ActiveCfg = Release|Any CPU
		{BDA206AA-5721-451A-BABA-7E65875A2BFA}.Release|ARM.Build.0 = Release|Any CPU
		{BDA206AA-5721-451A-BABA-7E65875A2BFA}.Release|ARM.Deploy.0 = Release|Any CPU
		{BDA206AA-5721-451A-BABA-7E65875A2BFA}.Release|iPhone.ActiveCfg = Release|Any CPU
		{BDA206AA-5721-451A-BABA-7E65875A2BFA}.Release|iPhone.Build.0 = Release|Any CPU
		{BDA206AA-5721-451A-BABA-7E65875A2BFA}.Release|iPhone.Deploy.0 = Release|Any CPU
		{BDA206AA-5721-451A-BABA-7E65875A2BFA}.Release|iPhoneSimulator.ActiveCfg = Release|Any CPU
		{BDA206AA-5721-451A-BABA-7E65875A2BFA}.Release|iPhoneSimulator.Build.0 = Release|Any CPU
		{BDA206AA-5721-451A-BABA-7E65875A2BFA}.Release|iPhoneSimulator.Deploy.0 = Release|Any CPU
		{BDA206AA-5721-451A-BABA-7E65875A2BFA}.Release|x64.ActiveCfg = Release|Any CPU
		{BDA206AA-5721-451A-BABA-7E65875A2BFA}.Release|x64.Build.0 = Release|Any CPU
		{BDA206AA-5721-451A-BABA-7E65875A2BFA}.Release|x64.Deploy.0 = Release|Any CPU
		{BDA206AA-5721-451A-BABA-7E65875A2BFA}.Release|x86.ActiveCfg = Release|Any CPU
		{BDA206AA-5721-451A-BABA-7E65875A2BFA}.Release|x86.Build.0 = Release|Any CPU
		{BDA206AA-5721-451A-BABA-7E65875A2BFA}.Release|x86.Deploy.0 = Release|Any CPU
	EndGlobalSection
	GlobalSection(SolutionProperties) = preSolution
		HideSolutionNode = FALSE
	EndGlobalSection
	GlobalSection(ExtensibilityGlobals) = postSolution
		SolutionGuid = {8A6A1332-68EE-4430-978D-545584F3ADF0}
	EndGlobalSection
EndGlobal
